
Microsoft Visual Studio Solution File, Format Version 12.00
# Visual Studio 15
VisualStudioVersion = 15.0.28010.2026
MinimumVisualStudioVersion = 10.0.40219.1
Project("{9A19103F-16F7-4668-BE54-9A1E7A4F7556}") = "TierList", "TierList\TierList.csproj", "{CDF7942D-6A52-46AC-8037-7723C8871A19}"
EndProject
Project("{FAE04EC0-301F-11D3-BF4B-00C04F79EFBC}") = "TierList.Tests", "TierList.Tests\TierList.Tests.csproj", "{20B708B9-9BC0-475F-AF3A-C6C041964A16}"
EndProject
Global
	GlobalSection(SolutionConfigurationPlatforms) = preSolution
		Debug|Any CPU = Debug|Any CPU
		Release|Any CPU = Release|Any CPU
	EndGlobalSection
	GlobalSection(ProjectConfigurationPlatforms) = postSolution
		{CDF7942D-6A52-46AC-8037-7723C8871A19}.Debug|Any CPU.ActiveCfg = Debug|Any CPU
		{CDF7942D-6A52-46AC-8037-7723C8871A19}.Debug|Any CPU.Build.0 = Debug|Any CPU
		{CDF7942D-6A52-46AC-8037-7723C8871A19}.Release|Any CPU.ActiveCfg = Release|Any CPU
		{CDF7942D-6A52-46AC-8037-7723C8871A19}.Release|Any CPU.Build.0 = Release|Any CPU
		{20B708B9-9BC0-475F-AF3A-C6C041964A16}.Debug|Any CPU.ActiveCfg = Debug|Any CPU
		{20B708B9-9BC0-475F-AF3A-C6C041964A16}.Debug|Any CPU.Build.0 = Debug|Any CPU
		{20B708B9-9BC0-475F-AF3A-C6C041964A16}.Release|Any CPU.ActiveCfg = Release|Any CPU
		{20B708B9-9BC0-475F-AF3A-C6C041964A16}.Release|Any CPU.Build.0 = Release|Any CPU
	EndGlobalSection
	GlobalSection(SolutionProperties) = preSolution
		HideSolutionNode = FALSE
	EndGlobalSection
	GlobalSection(ExtensibilityGlobals) = postSolution
		SolutionGuid = {69322F4E-0B28-461A-A7CE-B9C6B7FD277B}
	EndGlobalSection
EndGlobal
